// !$*UTF8*$!
{
	archiveVersion = 1;
	classes = {
	};
	objectVersion = 55;
	objects = {

/* Begin PBXBuildFile section */
		84A226542804443800F1CDC6 /* TodoView.swift in Sources */ = {isa = PBXBuildFile; fileRef = 84A2265228043DAC00F1CDC6 /* TodoView.swift */; };
		84A226552804443B00F1CDC6 /* TodoInteractor.swift in Sources */ = {isa = PBXBuildFile; fileRef = 84A2265328043DAC00F1CDC6 /* TodoInteractor.swift */; };
		84A226562804443E00F1CDC6 /* TodoPresenter.swift in Sources */ = {isa = PBXBuildFile; fileRef = 84A2265028043DAC00F1CDC6 /* TodoPresenter.swift */; };
		84A226572804444100F1CDC6 /* TodoEntity.swift in Sources */ = {isa = PBXBuildFile; fileRef = 84A2265128043DAC00F1CDC6 /* TodoEntity.swift */; };
		84A226582804444300F1CDC6 /* TodoRouter.swift in Sources */ = {isa = PBXBuildFile; fileRef = 84A2264F28043DAC00F1CDC6 /* TodoRouter.swift */; };
		84B67409276D1A19002C69E8 /* AppDelegate.swift in Sources */ = {isa = PBXBuildFile; fileRef = 84B67408276D1A19002C69E8 /* AppDelegate.swift */; };
		84B6740B276D1A19002C69E8 /* SceneDelegate.swift in Sources */ = {isa = PBXBuildFile; fileRef = 84B6740A276D1A19002C69E8 /* SceneDelegate.swift */; };
		84B67412276D1A1C002C69E8 /* Assets.xcassets in Resources */ = {isa = PBXBuildFile; fileRef = 84B67411276D1A1C002C69E8 /* Assets.xcassets */; };
		84B67415276D1A1C002C69E8 /* LaunchScreen.storyboard in Resources */ = {isa = PBXBuildFile; fileRef = 84B67413276D1A1C002C69E8 /* LaunchScreen.storyboard */; };
		84B6741E276D1A49002C69E8 /* UserView.swift in Sources */ = {isa = PBXBuildFile; fileRef = 84B6741D276D1A49002C69E8 /* UserView.swift */; };
		84B67420276D1A62002C69E8 /* UserInteractor.swift in Sources */ = {isa = PBXBuildFile; fileRef = 84B6741F276D1A62002C69E8 /* UserInteractor.swift */; };
		84B67422276D1A80002C69E8 /* UserPresenter.swift in Sources */ = {isa = PBXBuildFile; fileRef = 84B67421276D1A80002C69E8 /* UserPresenter.swift */; };
		84B67424276D1A8D002C69E8 /* UserEntity.swift in Sources */ = {isa = PBXBuildFile; fileRef = 84B67423276D1A8D002C69E8 /* UserEntity.swift */; };
		84B67426276D1A98002C69E8 /* UserRouter.swift in Sources */ = {isa = PBXBuildFile; fileRef = 84B67425276D1A98002C69E8 /* UserRouter.swift */; };
/* End PBXBuildFile section */

/* Begin PBXFileReference section */
		84A2264F28043DAC00F1CDC6 /* TodoRouter.swift */ = {isa = PBXFileReference; lastKnownFileType = sourcecode.swift; path = TodoRouter.swift; sourceTree = "<group>"; };
		84A2265028043DAC00F1CDC6 /* TodoPresenter.swift */ = {isa = PBXFileReference; lastKnownFileType = sourcecode.swift; path = TodoPresenter.swift; sourceTree = "<group>"; };
		84A2265128043DAC00F1CDC6 /* TodoEntity.swift */ = {isa = PBXFileReference; lastKnownFileType = sourcecode.swift; path = TodoEntity.swift; sourceTree = "<group>"; };
		84A2265228043DAC00F1CDC6 /* TodoView.swift */ = {isa = PBXFileReference; lastKnownFileType = sourcecode.swift; path = TodoView.swift; sourceTree = "<group>"; };
		84A2265328043DAC00F1CDC6 /* TodoInteractor.swift */ = {isa = PBXFileReference; lastKnownFileType = sourcecode.swift; path = TodoInteractor.swift; sourceTree = "<group>"; };
		84B67405276D1A19002C69E8 /* VIPER-Design-Pattern.app */ = {isa = PBXFileReference; explicitFileType = wrapper.application; includeInIndex = 0; path = "VIPER-Design-Pattern.app"; sourceTree = BUILT_PRODUCTS_DIR; };
		84B67408276D1A19002C69E8 /* AppDelegate.swift */ = {isa = PBXFileReference; lastKnownFileType = sourcecode.swift; path = AppDelegate.swift; sourceTree = "<group>"; };
		84B6740A276D1A19002C69E8 /* SceneDelegate.swift */ = {isa = PBXFileReference; lastKnownFileType = sourcecode.swift; path = SceneDelegate.swift; sourceTree = "<group>"; };
		84B67411276D1A1C002C69E8 /* Assets.xcassets */ = {isa = PBXFileReference; lastKnownFileType = folder.assetcatalog; path = Assets.xcassets; sourceTree = "<group>"; };
		84B67414276D1A1C002C69E8 /* Base */ = {isa = PBXFileReference; lastKnownFileType = file.storyboard; name = Base; path = Base.lproj/LaunchScreen.storyboard; sourceTree = "<group>"; };
		84B67416276D1A1C002C69E8 /* Info.plist */ = {isa = PBXFileReference; lastKnownFileType = text.plist.xml; path = Info.plist; sourceTree = "<group>"; };
		84B6741D276D1A49002C69E8 /* UserView.swift */ = {isa = PBXFileReference; lastKnownFileType = sourcecode.swift; path = UserView.swift; sourceTree = "<group>"; };
		84B6741F276D1A62002C69E8 /* UserInteractor.swift */ = {isa = PBXFileReference; lastKnownFileType = sourcecode.swift; path = UserInteractor.swift; sourceTree = "<group>"; };
		84B67421276D1A80002C69E8 /* UserPresenter.swift */ = {isa = PBXFileReference; lastKnownFileType = sourcecode.swift; path = UserPresenter.swift; sourceTree = "<group>"; };
		84B67423276D1A8D002C69E8 /* UserEntity.swift */ = {isa = PBXFileReference; lastKnownFileType = sourcecode.swift; path = UserEntity.swift; sourceTree = "<group>"; };
		84B67425276D1A98002C69E8 /* UserRouter.swift */ = {isa = PBXFileReference; lastKnownFileType = sourcecode.swift; path = UserRouter.swift; sourceTree = "<group>"; };
/* End PBXFileReference section */

/* Begin PBXFrameworksBuildPhase section */
		84B67402276D1A18002C69E8 /* Frameworks */ = {
			isa = PBXFrameworksBuildPhase;
			buildActionMask = 2147483647;
			files = (
			);
			runOnlyForDeploymentPostprocessing = 0;
		};
/* End PBXFrameworksBuildPhase section */

/* Begin PBXGroup section */
		84A2264E28043D8000F1CDC6 /* Todos */ = {
			isa = PBXGroup;
			children = (
				84A2265228043DAC00F1CDC6 /* TodoView.swift */,
				84A2265328043DAC00F1CDC6 /* TodoInteractor.swift */,
				84A2265028043DAC00F1CDC6 /* TodoPresenter.swift */,
				84A2265128043DAC00F1CDC6 /* TodoEntity.swift */,
				84A2264F28043DAC00F1CDC6 /* TodoRouter.swift */,
			);
			path = Todos;
			sourceTree = "<group>";
		};
		84B673FC276D1A18002C69E8 = {
			isa = PBXGroup;
			children = (
				84B67407276D1A19002C69E8 /* VIPER-Design-Pattern */,
				84B67406276D1A19002C69E8 /* Products */,
			);
			sourceTree = "<group>";
		};
		84B67406276D1A19002C69E8 /* Products */ = {
			isa = PBXGroup;
			children = (
				84B67405276D1A19002C69E8 /* VIPER-Design-Pattern.app */,
			);
			name = Products;
			sourceTree = "<group>";
		};
		84B67407276D1A19002C69E8 /* VIPER-Design-Pattern */ = {
			isa = PBXGroup;
			children = (
				84A2264E28043D8000F1CDC6 /* Todos */,
				84B6741C276D1A2F002C69E8 /* Users */,
				84B67408276D1A19002C69E8 /* AppDelegate.swift */,
				84B6740A276D1A19002C69E8 /* SceneDelegate.swift */,
				84B67411276D1A1C002C69E8 /* Assets.xcassets */,
				84B67413276D1A1C002C69E8 /* LaunchScreen.storyboard */,
				84B67416276D1A1C002C69E8 /* Info.plist */,
			);
			path = "VIPER-Design-Pattern";
			sourceTree = "<group>";
		};
		84B6741C276D1A2F002C69E8 /* Users */ = {
			isa = PBXGroup;
			children = (
				84B6741D276D1A49002C69E8 /* UserView.swift */,
				84B6741F276D1A62002C69E8 /* UserInteractor.swift */,
				84B67421276D1A80002C69E8 /* UserPresenter.swift */,
				84B67423276D1A8D002C69E8 /* UserEntity.swift */,
				84B67425276D1A98002C69E8 /* UserRouter.swift */,
			);
			path = Users;
			sourceTree = "<group>";
		};
/* End PBXGroup section */

/* Begin PBXNativeTarget section */
		84B67404276D1A18002C69E8 /* VIPER-Design-Pattern */ = {
			isa = PBXNativeTarget;
			buildConfigurationList = 84B67419276D1A1C002C69E8 /* Build configuration list for PBXNativeTarget "VIPER-Design-Pattern" */;
			buildPhases = (
				84B67401276D1A18002C69E8 /* Sources */,
				84B67402276D1A18002C69E8 /* Frameworks */,
				84B67403276D1A18002C69E8 /* Resources */,
			);
			buildRules = (
			);
			dependencies = (
			);
			name = "VIPER-Design-Pattern";
			productName = "VIPER-Design-Pattern";
			productReference = 84B67405276D1A19002C69E8 /* VIPER-Design-Pattern.app */;
			productType = "com.apple.product-type.application";
		};
/* End PBXNativeTarget section */

/* Begin PBXProject section */
		84B673FD276D1A18002C69E8 /* Project object */ = {
			isa = PBXProject;
			attributes = {
				BuildIndependentTargetsInParallel = 1;
				LastSwiftUpdateCheck = 1310;
				LastUpgradeCheck = 1310;
				TargetAttributes = {
					84B67404276D1A18002C69E8 = {
						CreatedOnToolsVersion = 13.1;
					};
				};
			};
			buildConfigurationList = 84B67400276D1A18002C69E8 /* Build configuration list for PBXProject "VIPER-Design-Pattern" */;
			compatibilityVersion = "Xcode 13.0";
			developmentRegion = en;
			hasScannedForEncodings = 0;
			knownRegions = (
				en,
				Base,
			);
			mainGroup = 84B673FC276D1A18002C69E8;
			productRefGroup = 84B67406276D1A19002C69E8 /* Products */;
			projectDirPath = "";
			projectRoot = "";
			targets = (
				84B67404276D1A18002C69E8 /* VIPER-Design-Pattern */,
			);
		};
/* End PBXProject section */

/* Begin PBXResourcesBuildPhase section */
		84B67403276D1A18002C69E8 /* Resources */ = {
			isa = PBXResourcesBuildPhase;
			buildActionMask = 2147483647;
			files = (
				84B67415276D1A1C002C69E8 /* LaunchScreen.storyboard in Resources */,
				84B67412276D1A1C002C69E8 /* Assets.xcassets in Resources */,
			);
			runOnlyForDeploymentPostprocessing = 0;
		};
/* End PBXResourcesBuildPhase section */

/* Begin PBXSourcesBuildPhase section */
		84B67401276D1A18002C69E8 /* Sources */ = {
			isa = PBXSourcesBuildPhase;
			buildActionMask = 2147483647;
			files = (
				84B67426276D1A98002C69E8 /* UserRouter.swift in Sources */,
				84B67422276D1A80002C69E8 /* UserPresenter.swift in Sources */,
				84A226542804443800F1CDC6 /* TodoView.swift in Sources */,
				84B6741E276D1A49002C69E8 /* UserView.swift in Sources */,
				84B67424276D1A8D002C69E8 /* UserEntity.swift in Sources */,
				84B67420276D1A62002C69E8 /* UserInteractor.swift in Sources */,
				84A226582804444300F1CDC6 /* TodoRouter.swift in Sources */,
				84B67409276D1A19002C69E8 /* AppDelegate.swift in Sources */,
				84A226572804444100F1CDC6 /* TodoEntity.swift in Sources */,
				84A226552804443B00F1CDC6 /* TodoInteractor.swift in Sources */,
				84A226562804443E00F1CDC6 /* TodoPresenter.swift in Sources */,
				84B6740B276D1A19002C69E8 /* SceneDelegate.swift in Sources */,
			);
			runOnlyForDeploymentPostprocessing = 0;
		};
/* End PBXSourcesBuildPhase section */

/* Begin PBXVariantGroup section */
		84B67413276D1A1C002C69E8 /* LaunchScreen.storyboard */ = {
			isa = PBXVariantGroup;
			children = (
				84B67414276D1A1C002C69E8 /* Base */,
			);
			name = LaunchScreen.storyboard;
			sourceTree = "<group>";
		};
/* End PBXVariantGroup section */

/* Begin XCBuildConfiguration section */
		84B67417276D1A1C002C69E8 /* Debug */ = {
			isa = XCBuildConfiguration;
			buildSettings = {
				ALWAYS_SEARCH_USER_PATHS = NO;
				CLANG_ANALYZER_NONNULL = YES;
				CLANG_ANALYZER_NUMBER_OBJECT_CONVERSION = YES_AGGRESSIVE;
				CLANG_CXX_LANGUAGE_STANDARD = "gnu++17";
				CLANG_CXX_LIBRARY = "libc++";
				CLANG_ENABLE_MODULES = YES;
				CLANG_ENABLE_OBJC_ARC = YES;
				CLANG_ENABLE_OBJC_WEAK = YES;
				CLANG_WARN_BLOCK_CAPTURE_AUTORELEASING = YES;
				CLANG_WARN_BOOL_CONVERSION = YES;
				CLANG_WARN_COMMA = YES;
				CLANG_WARN_CONSTANT_CONVERSION = YES;
				CLANG_WARN_DEPRECATED_OBJC_IMPLEMENTATIONS = YES;
				CLANG_WARN_DIRECT_OBJC_ISA_USAGE = YES_ERROR;
				CLANG_WARN_DOCUMENTATION_COMMENTS = YES;
				CLANG_WARN_EMPTY_BODY = YES;
				CLANG_WARN_ENUM_CONVERSION = YES;
				CLANG_WARN_INFINITE_RECURSION = YES;
				CLANG_WARN_INT_CONVERSION = YES;
				CLANG_WARN_NON_LITERAL_NULL_CONVERSION = YES;
				CLANG_WARN_OBJC_IMPLICIT_RETAIN_SELF = YES;
				CLANG_WARN_OBJC_LITERAL_CONVERSION = YES;
				CLANG_WARN_OBJC_ROOT_CLASS = YES_ERROR;
				CLANG_WARN_QUOTED_INCLUDE_IN_FRAMEWORK_HEADER = YES;
				CLANG_WARN_RANGE_LOOP_ANALYSIS = YES;
				CLANG_WARN_STRICT_PROTOTYPES = YES;
				CLANG_WARN_SUSPICIOUS_MOVE = YES;
				CLANG_WARN_UNGUARDED_AVAILABILITY = YES_AGGRESSIVE;
				CLANG_WARN_UNREACHABLE_CODE = YES;
				CLANG_WARN__DUPLICATE_METHOD_MATCH = YES;
				COPY_PHASE_STRIP = NO;
				DEBUG_INFORMATION_FORMAT = dwarf;
				ENABLE_STRICT_OBJC_MSGSEND = YES;
				ENABLE_TESTABILITY = YES;
				GCC_C_LANGUAGE_STANDARD = gnu11;
				GCC_DYNAMIC_NO_PIC = NO;
				GCC_NO_COMMON_BLOCKS = YES;
				GCC_OPTIMIZATION_LEVEL = 0;
				GCC_PREPROCESSOR_DEFINITIONS = (
					"DEBUG=1",
					"$(inherited)",
				);
				GCC_WARN_64_TO_32_BIT_CONVERSION = YES;
				GCC_WARN_ABOUT_RETURN_TYPE = YES_ERROR;
				GCC_WARN_UNDECLARED_SELECTOR = YES;
				GCC_WARN_UNINITIALIZED_AUTOS = YES_AGGRESSIVE;
				GCC_WARN_UNUSED_FUNCTION = YES;
				GCC_WARN_UNUSED_VARIABLE = YES;
				IPHONEOS_DEPLOYMENT_TARGET = 15.0;
				MTL_ENABLE_DEBUG_INFO = INCLUDE_SOURCE;
				MTL_FAST_MATH = YES;
				ONLY_ACTIVE_ARCH = YES;
				SDKROOT = iphoneos;
				SWIFT_ACTIVE_COMPILATION_CONDITIONS = DEBUG;
				SWIFT_OPTIMIZATION_LEVEL = "-Onone";
			};
			name = Debug;
		};
		84B67418276D1A1C002C69E8 /* Release */ = {
			isa = XCBuildConfiguration;
			buildSettings = {
				ALWAYS_SEARCH_USER_PATHS = NO;
				CLANG_ANALYZER_NONNULL = YES;
				CLANG_ANALYZER_NUMBER_OBJECT_CONVERSION = YES_AGGRESSIVE;
				CLANG_CXX_LANGUAGE_STANDARD = "gnu++17";
				CLANG_CXX_LIBRARY = "libc++";
				CLANG_ENABLE_MODULES = YES;
				CLANG_ENABLE_OBJC_ARC = YES;
				CLANG_ENABLE_OBJC_WEAK = YES;
				CLANG_WARN_BLOCK_CAPTURE_AUTORELEASING = YES;
				CLANG_WARN_BOOL_CONVERSION = YES;
				CLANG_WARN_COMMA = YES;
				CLANG_WARN_CONSTANT_CONVERSION = YES;
				CLANG_WARN_DEPRECATED_OBJC_IMPLEMENTATIONS = YES;
				CLANG_WARN_DIRECT_OBJC_ISA_USAGE = YES_ERROR;
				CLANG_WARN_DOCUMENTATION_COMMENTS = YES;
				CLANG_WARN_EMPTY_BODY = YES;
				CLANG_WARN_ENUM_CONVERSION = YES;
				CLANG_WARN_INFINITE_RECURSION = YES;
				CLANG_WARN_INT_CONVERSION = YES;
				CLANG_WARN_NON_LITERAL_NULL_CONVERSION = YES;
				CLANG_WARN_OBJC_IMPLICIT_RETAIN_SELF = YES;
				CLANG_WARN_OBJC_LITERAL_CONVERSION = YES;
				CLANG_WARN_OBJC_ROOT_CLASS = YES_ERROR;
				CLANG_WARN_QUOTED_INCLUDE_IN_FRAMEWORK_HEADER = YES;
				CLANG_WARN_RANGE_LOOP_ANALYSIS = YES;
				CLANG_WARN_STRICT_PROTOTYPES = YES;
				CLANG_WARN_SUSPICIOUS_MOVE = YES;
				CLANG_WARN_UNGUARDED_AVAILABILITY = YES_AGGRESSIVE;
				CLANG_WARN_UNREACHABLE_CODE = YES;
				CLANG_WARN__DUPLICATE_METHOD_MATCH = YES;
				COPY_PHASE_STRIP = NO;
				DEBUG_INFORMATION_FORMAT = "dwarf-with-dsym";
				ENABLE_NS_ASSERTIONS = NO;
				ENABLE_STRICT_OBJC_MSGSEND = YES;
				GCC_C_LANGUAGE_STANDARD = gnu11;
				GCC_NO_COMMON_BLOCKS = YES;
				GCC_WARN_64_TO_32_BIT_CONVERSION = YES;
				GCC_WARN_ABOUT_RETURN_TYPE = YES_ERROR;
				GCC_WARN_UNDECLARED_SELECTOR = YES;
				GCC_WARN_UNINITIALIZED_AUTOS = YES_AGGRESSIVE;
				GCC_WARN_UNUSED_FUNCTION = YES;
				GCC_WARN_UNUSED_VARIABLE = YES;
				IPHONEOS_DEPLOYMENT_TARGET = 15.0;
				MTL_ENABLE_DEBUG_INFO = NO;
				MTL_FAST_MATH = YES;
				SDKROOT = iphoneos;
				SWIFT_COMPILATION_MODE = wholemodule;
				SWIFT_OPTIMIZATION_LEVEL = "-O";
				VALIDATE_PRODUCT = YES;
			};
			name = Release;
		};
		84B6741A276D1A1C002C69E8 /* Debug */ = {
			isa = XCBuildConfiguration;
			buildSettings = {
				ASSETCATALOG_COMPILER_APPICON_NAME = AppIcon;
				ASSETCATALOG_COMPILER_GLOBAL_ACCENT_COLOR_NAME = AccentColor;
				CODE_SIGN_STYLE = Automatic;
				CURRENT_PROJECT_VERSION = 1;
				GENERATE_INFOPLIST_FILE = YES;
				INFOPLIST_FILE = "VIPER-Design-Pattern/Info.plist";
				INFOPLIST_KEY_UIApplicationSupportsIndirectInputEvents = YES;
				INFOPLIST_KEY_UILaunchStoryboardName = LaunchScreen;
				INFOPLIST_KEY_UISupportedInterfaceOrientations_iPad = "UIInterfaceOrientationPortrait UIInterfaceOrientationPortraitUpsideDown UIInterfaceOrientationLandscapeLeft UIInterfaceOrientationLandscapeRight";
				INFOPLIST_KEY_UISupportedInterfaceOrientations_iPhone = "UIInterfaceOrientationPortrait UIInterfaceOrientationLandscapeLeft UIInterfaceOrientationLandscapeRight";
				IPHONEOS_DEPLOYMENT_TARGET = 14.2;
				LD_RUNPATH_SEARCH_PATHS = (
					"$(inherited)",
					"@executable_path/Frameworks",
				);
				MARKETING_VERSION = 1.0;
				PRODUCT_BUNDLE_IDENTIFIER = "com.yilmaz.VIPER-Design-Pattern";
				PRODUCT_NAME = "$(TARGET_NAME)";
				SWIFT_EMIT_LOC_STRINGS = YES;
				SWIFT_VERSION = 5.0;
				TARGETED_DEVICE_FAMILY = "1,2";
			};
			name = Debug;
		};
		84B6741B276D1A1C002C69E8 /* Release */ = {
			isa = XCBuildConfiguration;
			buildSettings = {
				ASSETCATALOG_COMPILER_APPICON_NAME = AppIcon;
				ASSETCATALOG_COMPILER_GLOBAL_ACCENT_COLOR_NAME = AccentColor;
				CODE_SIGN_STYLE = Automatic;
				CURRENT_PROJECT_VERSION = 1;
				GENERATE_INFOPLIST_FILE = YES;
				INFOPLIST_FILE = "VIPER-Design-Pattern/Info.plist";
				INFOPLIST_KEY_UIApplicationSupportsIndirectInputEvents = YES;
				INFOPLIST_KEY_UILaunchStoryboardName = LaunchScreen;
				INFOPLIST_KEY_UISupportedInterfaceOrientations_iPad = "UIInterfaceOrientationPortrait UIInterfaceOrientationPortraitUpsideDown UIInterfaceOrientationLandscapeLeft UIInterfaceOrientationLandscapeRight";
				INFOPLIST_KEY_UISupportedInterfaceOrientations_iPhone = "UIInterfaceOrientationPortrait UIInterfaceOrientationLandscapeLeft UIInterfaceOrientationLandscapeRight";
				IPHONEOS_DEPLOYMENT_TARGET = 14.2;
				LD_RUNPATH_SEARCH_PATHS = (
					"$(inherited)",
					"@executable_path/Frameworks",
				);
				MARKETING_VERSION = 1.0;
				PRODUCT_BUNDLE_IDENTIFIER = "com.yilmaz.VIPER-Design-Pattern";
				PRODUCT_NAME = "$(TARGET_NAME)";
				SWIFT_EMIT_LOC_STRINGS = YES;
				SWIFT_VERSION = 5.0;
				TARGETED_DEVICE_FAMILY = "1,2";
			};
			name = Release;
		};
/* End XCBuildConfiguration section */

/* Begin XCConfigurationList section */
		84B67400276D1A18002C69E8 /* Build configuration list for PBXProject "VIPER-Design-Pattern" */ = {
			isa = XCConfigurationList;
			buildConfigurations = (
				84B67417276D1A1C002C69E8 /* Debug */,
				84B67418276D1A1C002C69E8 /* Release */,
			);
			defaultConfigurationIsVisible = 0;
			defaultConfigurationName = Release;
		};
		84B67419276D1A1C002C69E8 /* Build configuration list for PBXNativeTarget "VIPER-Design-Pattern" */ = {
			isa = XCConfigurationList;
			buildConfigurations = (
				84B6741A276D1A1C002C69E8 /* Debug */,
				84B6741B276D1A1C002C69E8 /* Release */,
			);
			defaultConfigurationIsVisible = 0;
			defaultConfigurationName = Release;
		};
/* End XCConfigurationList section */
	};
	rootObject = 84B673FD276D1A18002C69E8 /* Project object */;
}
